
Microsoft Visual Studio Solution File, Format Version 12.00
# Visual Studio 15
VisualStudioVersion = 15.0.28307.1433
MinimumVisualStudioVersion = 10.0.40219.1
Project("{FAE04EC0-301F-11D3-BF4B-00C04F79EFBC}") = "SportsStore", "SportsStore\SportsStore.csproj", "{D999A696-5EFA-4DD8-A2E9-C797D940FEDF}"
EndProject
Project("{9A19103F-16F7-4668-BE54-9A1E7A4F7556}") = "SportsStore.Tests", "SportsStore.Tests\SportsStore.Tests.csproj", "{E33DEC95-ED45-4D04-9DC8-D715CA435767}"
EndProject
Global
	GlobalSection(SolutionConfigurationPlatforms) = preSolution
		Debug|Any CPU = Debug|Any CPU
		Release|Any CPU = Release|Any CPU
	EndGlobalSection
	GlobalSection(ProjectConfigurationPlatforms) = postSolution
		{D999A696-5EFA-4DD8-A2E9-C797D940FEDF}.Debug|Any CPU.ActiveCfg = Debug|Any CPU
		{D999A696-5EFA-4DD8-A2E9-C797D940FEDF}.Debug|Any CPU.Build.0 = Debug|Any CPU
		{D999A696-5EFA-4DD8-A2E9-C797D940FEDF}.Release|Any CPU.ActiveCfg = Release|Any CPU
		{D999A696-5EFA-4DD8-A2E9-C797D940FEDF}.Release|Any CPU.Build.0 = Release|Any CPU
		{E33DEC95-ED45-4D04-9DC8-D715CA435767}.Debug|Any CPU.ActiveCfg = Debug|Any CPU
		{E33DEC95-ED45-4D04-9DC8-D715CA435767}.Debug|Any CPU.Build.0 = Debug|Any CPU
		{E33DEC95-ED45-4D04-9DC8-D715CA435767}.Release|Any CPU.ActiveCfg = Release|Any CPU
		{E33DEC95-ED45-4D04-9DC8-D715CA435767}.Release|Any CPU.Build.0 = Release|Any CPU
	EndGlobalSection
	GlobalSection(SolutionProperties) = preSolution
		HideSolutionNode = FALSE
	EndGlobalSection
	GlobalSection(ExtensibilityGlobals) = postSolution
		SolutionGuid = {C334D7E3-F70D-4069-9857-9843E236A162}
	EndGlobalSection
EndGlobal
